
Microsoft Visual Studio Solution File, Format Version 12.00
# Visual Studio Version 17
VisualStudioVersion = 17.14.37411.7 d17.14
MinimumVisualStudioVersion = 10.0.40219.1
Project("{FAE04EC0-301F-11D3-BF4B-00C04F79EFBC}") = "MSBuildUtils", "MSBuildUtils.csproj", "{9E012576-8454-61F8-3DA0-92C2DAC10B3B}"
EndProject
Global
	GlobalSection(SolutionConfigurationPlatforms) = preSolution
		Debug|Any CPU = Debug|Any CPU
		Release|Any CPU = Release|Any CPU
	EndGlobalSection
	GlobalSection(ProjectConfigurationPlatforms) = postSolution
		{9E012576-8454-61F8-3DA0-92C2DAC10B3B}.Debug|Any CPU.ActiveCfg = Debug|Any CPU
		{9E012576-8454-61F8-3DA0-92C2DAC10B3B}.Debug|Any CPU.Build.0 = Debug|Any CPU
		{9E012576-8454-61F8-3DA0-92C2DAC10B3B}.Release|Any CPU.ActiveCfg = Release|Any CPU
		{9E012576-8454-61F8-3DA0-92C2DAC10B3B}.Release|Any CPU.Build.0 = Release|Any CPU
	EndGlobalSection
	GlobalSection(SolutionProperties) = preSolution
		HideSolutionNode = FALSE
	EndGlobalSection
	GlobalSection(ExtensibilityGlobals) = postSolution
		SolutionGuid = {D933114A-743F-463C-8EA7-FE86839D69FE}
	EndGlobalSection
EndGlobal
